
Microsoft Visual Studio Solution File, Format Version 12.00
# Visual Studio Version 17
VisualStudioVersion = 17.7.34221.43
MinimumVisualStudioVersion = 10.0.40219.1
Project("{FAE04EC0-301F-11D3-BF4B-00C04F79EFBC}") = "EmpresaP.DAL", "EmpresaP.DAL\EmpresaP.DAL.csproj", "{12FF611A-9864-49DD-8F1F-9DA18E32AD46}"
EndProject
Project("{FAE04EC0-301F-11D3-BF4B-00C04F79EFBC}") = "EmpresaP.BSS", "EmpresaP.BSS\EmpresaP.BSS.csproj", "{F3AA564A-5134-4EED-8E88-233E0D2E61B5}"
EndProject
Project("{FAE04EC0-301F-11D3-BF4B-00C04F79EFBC}") = "EmpresaP.Modelos", "EmpresaP.Modelos\EmpresaP.Modelos.csproj", "{4EB6BCDB-84DB-4A29-8047-7186054DB75A}"
EndProject
Project("{FAE04EC0-301F-11D3-BF4B-00C04F79EFBC}") = "EmpresaP.Vista", "EmpresaP.Vista\EmpresaP.Vista.csproj", "{8B8E9B1E-7FDA-473C-A67A-D38939173D8D}"
EndProject
Global
	GlobalSection(SolutionConfigurationPlatforms) = preSolution
		Debug|Any CPU = Debug|Any CPU
		Release|Any CPU = Release|Any CPU
	EndGlobalSection
	GlobalSection(ProjectConfigurationPlatforms) = postSolution
		{12FF611A-9864-49DD-8F1F-9DA18E32AD46}.Debug|Any CPU.ActiveCfg = Debug|Any CPU
		{12FF611A-9864-49DD-8F1F-9DA18E32AD46}.Debug|Any CPU.Build.0 = Debug|Any CPU
		{12FF611A-9864-49DD-8F1F-9DA18E32AD46}.Release|Any CPU.ActiveCfg = Release|Any CPU
		{12FF611A-9864-49DD-8F1F-9DA18E32AD46}.Release|Any CPU.Build.0 = Release|Any CPU
		{F3AA564A-5134-4EED-8E88-233E0D2E61B5}.Debug|Any CPU.ActiveCfg = Debug|Any CPU
		{F3AA564A-5134-4EED-8E88-233E0D2E61B5}.Debug|Any CPU.Build.0 = Debug|Any CPU
		{F3AA564A-5134-4EED-8E88-233E0D2E61B5}.Release|Any CPU.ActiveCfg = Release|Any CPU
		{F3AA564A-5134-4EED-8E88-233E0D2E61B5}.Release|Any CPU.Build.0 = Release|Any CPU
		{4EB6BCDB-84DB-4A29-8047-7186054DB75A}.Debug|Any CPU.ActiveCfg = Debug|Any CPU
		{4EB6BCDB-84DB-4A29-8047-7186054DB75A}.Debug|Any CPU.Build.0 = Debug|Any CPU
		{4EB6BCDB-84DB-4A29-8047-7186054DB75A}.Release|Any CPU.ActiveCfg = Release|Any CPU
		{4EB6BCDB-84DB-4A29-8047-7186054DB75A}.Release|Any CPU.Build.0 = Release|Any CPU
		{8B8E9B1E-7FDA-473C-A67A-D38939173D8D}.Debug|Any CPU.ActiveCfg = Debug|Any CPU
		{8B8E9B1E-7FDA-473C-A67A-D38939173D8D}.Debug|Any CPU.Build.0 = Debug|Any CPU
		{8B8E9B1E-7FDA-473C-A67A-D38939173D8D}.Release|Any CPU.ActiveCfg = Release|Any CPU
		{8B8E9B1E-7FDA-473C-A67A-D38939173D8D}.Release|Any CPU.Build.0 = Release|Any CPU
	EndGlobalSection
	GlobalSection(SolutionProperties) = preSolution
		HideSolutionNode = FALSE
	EndGlobalSection
	GlobalSection(ExtensibilityGlobals) = postSolution
		SolutionGuid = {3EE13AE8-92DA-4F9E-AD14-66EF912CF964}
	EndGlobalSection
EndGlobal
